# THIS IS AN AUTOGENERATED FILE. DO NOT EDIT THIS FILE DIRECTLY.
# yarn lockfile v1


use-m@^6.0.3:
  version "6.0.3"
  resolved "https://registry.yarnpkg.com/use-m/-/use-m-6.0.3.tgz#399c3628ebaeeb1a9a9d3dca7d980c2b09331196"
  integrity sha512-kii2EQHcz71KSHamIIK6DdZkXPlTIDeIuqs54fqszPb7iXaHXo+K+dexj8tE1awxDn99GfwAJih9YEPYXw2OrA==
