# THIS IS AN AUTOGENERATED FILE. DO NOT EDIT THIS FILE DIRECTLY.
# yarn lockfile v1


use-m@^8.4.0:
  version "8.4.0"
  resolved "https://registry.yarnpkg.com/use-m/-/use-m-8.4.0.tgz#7a062b66a07b45fd1c732aa4ea2491075c2d46d1"
  integrity sha512-csaYN8p79rxATqvjEltbKDX7UWjsgEkg3D8Us8tWArcpEwanM/etQ8+wfNFb8WpgHVKrGMXOxWzBN3lftLdZZA==
