{
  "name": "cjs",
  "lockfileVersion": 3,
  "requires": true,
  "packages": {
    "": {
      "dependencies": {
        "use-m": "^8.0.1"
      }
    },
    "node_modules/use-m": {
      "version": "8.0.1",
      "resolved": "https://registry.npmjs.org/use-m/-/use-m-8.0.1.tgz",
      "integrity": "sha512-893t/eL5sD56sMiDu72tsawSm0ZWr3KGPsWaX/AOWotV+Is9GLTuv5MAlYPEjh4MfBM3hbLvzE1ka+QJ3UQuog==",
      "license": "UNLICENSED"
    }
  }
}
