{
  "name": "cjs",
  "lockfileVersion": 3,
  "requires": true,
  "packages": {
    "": {
      "dependencies": {
        "use-m": "^8.0.8"
      }
    },
    "node_modules/use-m": {
      "version": "8.0.8",
      "resolved": "https://registry.npmjs.org/use-m/-/use-m-8.0.8.tgz",
      "integrity": "sha512-mrexqyqI63Sp2BYXtXwlf1ggoI9DAxwqOyXC6sDkx8IiyXJUvdKTXFA/dttjVubn6DtHJXaO8PMiR0U8jeOq7g==",
      "license": "UNLICENSED"
    }
  }
}
