{
  "name": "cjs",
  "lockfileVersion": 3,
  "requires": true,
  "packages": {
    "": {
      "dependencies": {
        "use-m": "^8.4.0"
      }
    },
    "node_modules/use-m": {
      "version": "8.4.0",
      "resolved": "https://registry.npmjs.org/use-m/-/use-m-8.4.0.tgz",
      "integrity": "sha512-csaYN8p79rxATqvjEltbKDX7UWjsgEkg3D8Us8tWArcpEwanM/etQ8+wfNFb8WpgHVKrGMXOxWzBN3lftLdZZA==",
      "license": "UNLICENSED"
    }
  }
}
